
Microsoft Visual Studio Solution File, Format Version 12.00
# Visual Studio 15
VisualStudioVersion = 15.0.26124.0
MinimumVisualStudioVersion = 15.0.26124.0
Project("{FAE04EC0-301F-11D3-BF4B-00C04F79EFBC}") = "OSMDataPrimitives", "OSMDataPrimitives\OSMDataPrimitives.csproj", "{0C099A03-B476-45DB-A1BE-D9220C99B1B3}"
EndProject
Project("{FAE04EC0-301F-11D3-BF4B-00C04F79EFBC}") = "OSMDataPrimitives.Spatial", "OSMDataPrimitives.Spatial\OSMDataPrimitives.Spatial.csproj", "{B9F460E8-0E03-471C-A68D-064238BBED70}"
EndProject
Project("{FAE04EC0-301F-11D3-BF4B-00C04F79EFBC}") = "OSMDataPrimitives.BSON", "OSMDataPrimitives.BSON\OSMDataPrimitives.BSON.csproj", "{8B750F4E-6586-4FE7-873B-C58CCADF7B23}"
EndProject
Project("{FAE04EC0-301F-11D3-BF4B-00C04F79EFBC}") = "NUnitTests", "NUnitTests\NUnitTests.csproj", "{E96BF7F8-FFCC-46E6-A90F-B286F9F9460B}"
EndProject
Global
	GlobalSection(SolutionConfigurationPlatforms) = preSolution
		Debug|Any CPU = Debug|Any CPU
		Debug|x64 = Debug|x64
		Debug|x86 = Debug|x86
		Release|Any CPU = Release|Any CPU
		Release|x64 = Release|x64
		Release|x86 = Release|x86
	EndGlobalSection
	GlobalSection(SolutionProperties) = preSolution
		HideSolutionNode = FALSE
	EndGlobalSection
	GlobalSection(ProjectConfigurationPlatforms) = postSolution
		{0C099A03-B476-45DB-A1BE-D9220C99B1B3}.Debug|Any CPU.ActiveCfg = Debug|Any CPU
		{0C099A03-B476-45DB-A1BE-D9220C99B1B3}.Debug|Any CPU.Build.0 = Debug|Any CPU
		{0C099A03-B476-45DB-A1BE-D9220C99B1B3}.Debug|x64.ActiveCfg = Debug|Any CPU
		{0C099A03-B476-45DB-A1BE-D9220C99B1B3}.Debug|x64.Build.0 = Debug|Any CPU
		{0C099A03-B476-45DB-A1BE-D9220C99B1B3}.Debug|x86.ActiveCfg = Debug|Any CPU
		{0C099A03-B476-45DB-A1BE-D9220C99B1B3}.Debug|x86.Build.0 = Debug|Any CPU
		{0C099A03-B476-45DB-A1BE-D9220C99B1B3}.Release|Any CPU.ActiveCfg = Release|Any CPU
		{0C099A03-B476-45DB-A1BE-D9220C99B1B3}.Release|Any CPU.Build.0 = Release|Any CPU
		{0C099A03-B476-45DB-A1BE-D9220C99B1B3}.Release|x64.ActiveCfg = Release|Any CPU
		{0C099A03-B476-45DB-A1BE-D9220C99B1B3}.Release|x64.Build.0 = Release|Any CPU
		{0C099A03-B476-45DB-A1BE-D9220C99B1B3}.Release|x86.ActiveCfg = Release|Any CPU
		{0C099A03-B476-45DB-A1BE-D9220C99B1B3}.Release|x86.Build.0 = Release|Any CPU
		{B9F460E8-0E03-471C-A68D-064238BBED70}.Debug|Any CPU.ActiveCfg = Debug|Any CPU
		{B9F460E8-0E03-471C-A68D-064238BBED70}.Debug|Any CPU.Build.0 = Debug|Any CPU
		{B9F460E8-0E03-471C-A68D-064238BBED70}.Debug|x64.ActiveCfg = Debug|Any CPU
		{B9F460E8-0E03-471C-A68D-064238BBED70}.Debug|x64.Build.0 = Debug|Any CPU
		{B9F460E8-0E03-471C-A68D-064238BBED70}.Debug|x86.ActiveCfg = Debug|Any CPU
		{B9F460E8-0E03-471C-A68D-064238BBED70}.Debug|x86.Build.0 = Debug|Any CPU
		{B9F460E8-0E03-471C-A68D-064238BBED70}.Release|Any CPU.ActiveCfg = Release|Any CPU
		{B9F460E8-0E03-471C-A68D-064238BBED70}.Release|Any CPU.Build.0 = Release|Any CPU
		{B9F460E8-0E03-471C-A68D-064238BBED70}.Release|x64.ActiveCfg = Release|Any CPU
		{B9F460E8-0E03-471C-A68D-064238BBED70}.Release|x64.Build.0 = Release|Any CPU
		{B9F460E8-0E03-471C-A68D-064238BBED70}.Release|x86.ActiveCfg = Release|Any CPU
		{B9F460E8-0E03-471C-A68D-064238BBED70}.Release|x86.Build.0 = Release|Any CPU
		{8B750F4E-6586-4FE7-873B-C58CCADF7B23}.Debug|Any CPU.ActiveCfg = Debug|Any CPU
		{8B750F4E-6586-4FE7-873B-C58CCADF7B23}.Debug|Any CPU.Build.0 = Debug|Any CPU
		{8B750F4E-6586-4FE7-873B-C58CCADF7B23}.Debug|x64.ActiveCfg = Debug|Any CPU
		{8B750F4E-6586-4FE7-873B-C58CCADF7B23}.Debug|x64.Build.0 = Debug|Any CPU
		{8B750F4E-6586-4FE7-873B-C58CCADF7B23}.Debug|x86.ActiveCfg = Debug|Any CPU
		{8B750F4E-6586-4FE7-873B-C58CCADF7B23}.Debug|x86.Build.0 = Debug|Any CPU
		{8B750F4E-6586-4FE7-873B-C58CCADF7B23}.Release|Any CPU.ActiveCfg = Release|Any CPU
		{8B750F4E-6586-4FE7-873B-C58CCADF7B23}.Release|Any CPU.Build.0 = Release|Any CPU
		{8B750F4E-6586-4FE7-873B-C58CCADF7B23}.Release|x64.ActiveCfg = Release|Any CPU
		{8B750F4E-6586-4FE7-873B-C58CCADF7B23}.Release|x64.Build.0 = Release|Any CPU
		{8B750F4E-6586-4FE7-873B-C58CCADF7B23}.Release|x86.ActiveCfg = Release|Any CPU
		{8B750F4E-6586-4FE7-873B-C58CCADF7B23}.Release|x86.Build.0 = Release|Any CPU
		{E96BF7F8-FFCC-46E6-A90F-B286F9F9460B}.Debug|Any CPU.ActiveCfg = Debug|Any CPU
		{E96BF7F8-FFCC-46E6-A90F-B286F9F9460B}.Debug|Any CPU.Build.0 = Debug|Any CPU
		{E96BF7F8-FFCC-46E6-A90F-B286F9F9460B}.Debug|x64.ActiveCfg = Debug|Any CPU
		{E96BF7F8-FFCC-46E6-A90F-B286F9F9460B}.Debug|x64.Build.0 = Debug|Any CPU
		{E96BF7F8-FFCC-46E6-A90F-B286F9F9460B}.Debug|x86.ActiveCfg = Debug|Any CPU
		{E96BF7F8-FFCC-46E6-A90F-B286F9F9460B}.Debug|x86.Build.0 = Debug|Any CPU
		{E96BF7F8-FFCC-46E6-A90F-B286F9F9460B}.Release|Any CPU.ActiveCfg = Release|Any CPU
		{E96BF7F8-FFCC-46E6-A90F-B286F9F9460B}.Release|Any CPU.Build.0 = Release|Any CPU
		{E96BF7F8-FFCC-46E6-A90F-B286F9F9460B}.Release|x64.ActiveCfg = Release|Any CPU
		{E96BF7F8-FFCC-46E6-A90F-B286F9F9460B}.Release|x64.Build.0 = Release|Any CPU
		{E96BF7F8-FFCC-46E6-A90F-B286F9F9460B}.Release|x86.ActiveCfg = Release|Any CPU
		{E96BF7F8-FFCC-46E6-A90F-B286F9F9460B}.Release|x86.Build.0 = Release|Any CPU
	EndGlobalSection
EndGlobal
